// !$*UTF8*$!
{
	archiveVersion = 1;
	classes = {
	};
	objectVersion = 50;
	objects = {

/* Begin PBXBuildFile section */
		38C6331085E762943DA0BB97 /* libPods-DatePickView.a in Frameworks */ = {isa = PBXBuildFile; fileRef = 69204631994D082DB0C4626A /* libPods-DatePickView.a */; };
		D636DB1A20E2498500F40DB8 /* TimePickView.m in Sources */ = {isa = PBXBuildFile; fileRef = D636DB0F20E2498500F40DB8 /* TimePickView.m */; };
		D636DB1B20E2498500F40DB8 /* ViewController.m in Sources */ = {isa = PBXBuildFile; fileRef = D636DB1120E2498500F40DB8 /* ViewController.m */; };
		D636DB1C20E2498500F40DB8 /* DatePickView.m in Sources */ = {isa = PBXBuildFile; fileRef = D636DB1220E2498500F40DB8 /* DatePickView.m */; };
		D636DB1D20E2498500F40DB8 /* SingleLinePickView.m in Sources */ = {isa = PBXBuildFile; fileRef = D636DB1320E2498500F40DB8 /* SingleLinePickView.m */; };
		D636DB1E20E2498500F40DB8 /* UIView+Catgory.m in Sources */ = {isa = PBXBuildFile; fileRef = D636DB1420E2498500F40DB8 /* UIView+Catgory.m */; };
		D636DB1F20E2498500F40DB8 /* PickView.m in Sources */ = {isa = PBXBuildFile; fileRef = D636DB1620E2498500F40DB8 /* PickView.m */; };
		D687405220E236830076E9DA /* AppDelegate.m in Sources */ = {isa = PBXBuildFile; fileRef = D687405120E236830076E9DA /* AppDelegate.m */; };
		D687405820E236830076E9DA /* Main.storyboard in Resources */ = {isa = PBXBuildFile; fileRef = D687405620E236830076E9DA /* Main.storyboard */; };
		D687405A20E236840076E9DA /* Assets.xcassets in Resources */ = {isa = PBXBuildFile; fileRef = D687405920E236840076E9DA /* Assets.xcassets */; };
		D687405D20E236850076E9DA /* LaunchScreen.storyboard in Resources */ = {isa = PBXBuildFile; fileRef = D687405B20E236840076E9DA /* LaunchScreen.storyboard */; };
		D687406020E236850076E9DA /* main.m in Sources */ = {isa = PBXBuildFile; fileRef = D687405F20E236850076E9DA /* main.m */; };
/* End PBXBuildFile section */

/* Begin PBXFileReference section */
		1B758526F8AA9781BB0C409D /* Pods-DatePickView.release.xcconfig */ = {isa = PBXFileReference; includeInIndex = 1; lastKnownFileType = text.xcconfig; name = "Pods-DatePickView.release.xcconfig"; path = "Pods/Target Support Files/Pods-DatePickView/Pods-DatePickView.release.xcconfig"; sourceTree = "<group>"; };
		69204631994D082DB0C4626A /* libPods-DatePickView.a */ = {isa = PBXFileReference; explicitFileType = archive.ar; includeInIndex = 0; path = "libPods-DatePickView.a"; sourceTree = BUILT_PRODUCTS_DIR; };
		D636DB0E20E2498500F40DB8 /* UIView+Catgory.h */ = {isa = PBXFileReference; fileEncoding = 4; lastKnownFileType = sourcecode.c.h; path = "UIView+Catgory.h"; sourceTree = "<group>"; };
		D636DB0F20E2498500F40DB8 /* TimePickView.m */ = {isa = PBXFileReference; fileEncoding = 4; lastKnownFileType = sourcecode.c.objc; path = TimePickView.m; sourceTree = "<group>"; };
		D636DB1020E2498500F40DB8 /* PickView.h */ = {isa = PBXFileReference; fileEncoding = 4; lastKnownFileType = sourcecode.c.h; path = PickView.h; sourceTree = "<group>"; };
		D636DB1120E2498500F40DB8 /* ViewController.m */ = {isa = PBXFileReference; fileEncoding = 4; lastKnownFileType = sourcecode.c.objc; path = ViewController.m; sourceTree = "<group>"; };
		D636DB1220E2498500F40DB8 /* DatePickView.m */ = {isa = PBXFileReference; fileEncoding = 4; lastKnownFileType = sourcecode.c.objc; path = DatePickView.m; sourceTree = "<group>"; };
		D636DB1320E2498500F40DB8 /* SingleLinePickView.m */ = {isa = PBXFileReference; fileEncoding = 4; lastKnownFileType = sourcecode.c.objc; path = SingleLinePickView.m; sourceTree = "<group>"; };
		D636DB1420E2498500F40DB8 /* UIView+Catgory.m */ = {isa = PBXFileReference; fileEncoding = 4; lastKnownFileType = sourcecode.c.objc; path = "UIView+Catgory.m"; sourceTree = "<group>"; };
		D636DB1520E2498500F40DB8 /* TimePickView.h */ = {isa = PBXFileReference; fileEncoding = 4; lastKnownFileType = sourcecode.c.h; path = TimePickView.h; sourceTree = "<group>"; };
		D636DB1620E2498500F40DB8 /* PickView.m */ = {isa = PBXFileReference; fileEncoding = 4; lastKnownFileType = sourcecode.c.objc; path = PickView.m; sourceTree = "<group>"; };
		D636DB1720E2498500F40DB8 /* SingleLinePickView.h */ = {isa = PBXFileReference; fileEncoding = 4; lastKnownFileType = sourcecode.c.h; path = SingleLinePickView.h; sourceTree = "<group>"; };
		D636DB1820E2498500F40DB8 /* DatePickView.h */ = {isa = PBXFileReference; fileEncoding = 4; lastKnownFileType = sourcecode.c.h; path = DatePickView.h; sourceTree = "<group>"; };
		D636DB1920E2498500F40DB8 /* ViewController.h */ = {isa = PBXFileReference; fileEncoding = 4; lastKnownFileType = sourcecode.c.h; path = ViewController.h; sourceTree = "<group>"; };
		D687404D20E236830076E9DA /* DatePickView.app */ = {isa = PBXFileReference; explicitFileType = wrapper.application; includeInIndex = 0; path = DatePickView.app; sourceTree = BUILT_PRODUCTS_DIR; };
		D687405020E236830076E9DA /* AppDelegate.h */ = {isa = PBXFileReference; lastKnownFileType = sourcecode.c.h; path = AppDelegate.h; sourceTree = "<group>"; };
		D687405120E236830076E9DA /* AppDelegate.m */ = {isa = PBXFileReference; lastKnownFileType = sourcecode.c.objc; path = AppDelegate.m; sourceTree = "<group>"; };
		D687405720E236830076E9DA /* Base */ = {isa = PBXFileReference; lastKnownFileType = file.storyboard; name = Base; path = Base.lproj/Main.storyboard; sourceTree = "<group>"; };
		D687405920E236840076E9DA /* Assets.xcassets */ = {isa = PBXFileReference; lastKnownFileType = folder.assetcatalog; path = Assets.xcassets; sourceTree = "<group>"; };
		D687405C20E236840076E9DA /* Base */ = {isa = PBXFileReference; lastKnownFileType = file.storyboard; name = Base; path = Base.lproj/LaunchScreen.storyboard; sourceTree = "<group>"; };
		D687405E20E236850076E9DA /* Info.plist */ = {isa = PBXFileReference; lastKnownFileType = text.plist.xml; path = Info.plist; sourceTree = "<group>"; };
		D687405F20E236850076E9DA /* main.m */ = {isa = PBXFileReference; lastKnownFileType = sourcecode.c.objc; path = main.m; sourceTree = "<group>"; };
		E2CE3B91C2B9EF88BE7E6478 /* Pods-DatePickView.debug.xcconfig */ = {isa = PBXFileReference; includeInIndex = 1; lastKnownFileType = text.xcconfig; name = "Pods-DatePickView.debug.xcconfig"; path = "Pods/Target Support Files/Pods-DatePickView/Pods-DatePickView.debug.xcconfig"; sourceTree = "<group>"; };
/* End PBXFileReference section */

/* Begin PBXFrameworksBuildPhase section */
		D687404A20E236830076E9DA /* Frameworks */ = {
			isa = PBXFrameworksBuildPhase;
			buildActionMask = 2147483647;
			files = (
				38C6331085E762943DA0BB97 /* libPods-DatePickView.a in Frameworks */,
			);
			runOnlyForDeploymentPostprocessing = 0;
		};
/* End PBXFrameworksBuildPhase section */

/* Begin PBXGroup section */
		D636DB0D20E2498500F40DB8 /* Classes */ = {
			isa = PBXGroup;
			children = (
				D636DB0E20E2498500F40DB8 /* UIView+Catgory.h */,
				D636DB0F20E2498500F40DB8 /* TimePickView.m */,
				D636DB1020E2498500F40DB8 /* PickView.h */,
				D636DB1120E2498500F40DB8 /* ViewController.m */,
				D636DB1220E2498500F40DB8 /* DatePickView.m */,
				D636DB1320E2498500F40DB8 /* SingleLinePickView.m */,
				D636DB1420E2498500F40DB8 /* UIView+Catgory.m */,
				D636DB1520E2498500F40DB8 /* TimePickView.h */,
				D636DB1620E2498500F40DB8 /* PickView.m */,
				D636DB1720E2498500F40DB8 /* SingleLinePickView.h */,
				D636DB1820E2498500F40DB8 /* DatePickView.h */,
				D636DB1920E2498500F40DB8 /* ViewController.h */,
			);
			path = Classes;
			sourceTree = "<group>";
		};
		D687404420E236830076E9DA = {
			isa = PBXGroup;
			children = (
				D687404F20E236830076E9DA /* DatePickView */,
				D687404E20E236830076E9DA /* Products */,
				DD75D38E2CEBF472886ADE5A /* Pods */,
				EFFFD6F767157C9BB25CF741 /* Frameworks */,
			);
			sourceTree = "<group>";
		};
		D687404E20E236830076E9DA /* Products */ = {
			isa = PBXGroup;
			children = (
				D687404D20E236830076E9DA /* DatePickView.app */,
			);
			name = Products;
			sourceTree = "<group>";
		};
		D687404F20E236830076E9DA /* DatePickView */ = {
			isa = PBXGroup;
			children = (
				D687405020E236830076E9DA /* AppDelegate.h */,
				D687405120E236830076E9DA /* AppDelegate.m */,
				D636DB0D20E2498500F40DB8 /* Classes */,
				D687405620E236830076E9DA /* Main.storyboard */,
				D687405920E236840076E9DA /* Assets.xcassets */,
				D687405B20E236840076E9DA /* LaunchScreen.storyboard */,
				D687405E20E236850076E9DA /* Info.plist */,
				D687405F20E236850076E9DA /* main.m */,
			);
			path = DatePickView;
			sourceTree = "<group>";
		};
		DD75D38E2CEBF472886ADE5A /* Pods */ = {
			isa = PBXGroup;
			children = (
				E2CE3B91C2B9EF88BE7E6478 /* Pods-DatePickView.debug.xcconfig */,
				1B758526F8AA9781BB0C409D /* Pods-DatePickView.release.xcconfig */,
			);
			name = Pods;
			sourceTree = "<group>";
		};
		EFFFD6F767157C9BB25CF741 /* Frameworks */ = {
			isa = PBXGroup;
			children = (
				69204631994D082DB0C4626A /* libPods-DatePickView.a */,
			);
			name = Frameworks;
			sourceTree = "<group>";
		};
/* End PBXGroup section */

/* Begin PBXNativeTarget section */
		D687404C20E236830076E9DA /* DatePickView */ = {
			isa = PBXNativeTarget;
			buildConfigurationList = D687406320E236850076E9DA /* Build configuration list for PBXNativeTarget "DatePickView" */;
			buildPhases = (
				901A32E47B16D07876D16B07 /* [CP] Check Pods Manifest.lock */,
				D687404920E236830076E9DA /* Sources */,
				D687404A20E236830076E9DA /* Frameworks */,
				D687404B20E236830076E9DA /* Resources */,
				65C36328FB543364927A892D /* [CP] Embed Pods Frameworks */,
				F21645ABE65755F045EAE914 /* [CP] Copy Pods Resources */,
			);
			buildRules = (
			);
			dependencies = (
			);
			name = DatePickView;
			productName = DatePickView;
			productReference = D687404D20E236830076E9DA /* DatePickView.app */;
			productType = "com.apple.product-type.application";
		};
/* End PBXNativeTarget section */

/* Begin PBXProject section */
		D687404520E236830076E9DA /* Project object */ = {
			isa = PBXProject;
			attributes = {
				LastUpgradeCheck = 0940;
				ORGANIZATIONNAME = liyingjie;
				TargetAttributes = {
					D687404C20E236830076E9DA = {
						CreatedOnToolsVersion = 9.4.1;
					};
				};
			};
			buildConfigurationList = D687404820E236830076E9DA /* Build configuration list for PBXProject "DatePickView" */;
			compatibilityVersion = "Xcode 9.3";
			developmentRegion = en;
			hasScannedForEncodings = 0;
			knownRegions = (
				en,
				Base,
			);
			mainGroup = D687404420E236830076E9DA;
			productRefGroup = D687404E20E236830076E9DA /* Products */;
			projectDirPath = "";
			projectRoot = "";
			targets = (
				D687404C20E236830076E9DA /* DatePickView */,
			);
		};
/* End PBXProject section */

/* Begin PBXResourcesBuildPhase section */
		D687404B20E236830076E9DA /* Resources */ = {
			isa = PBXResourcesBuildPhase;
			buildActionMask = 2147483647;
			files = (
				D687405D20E236850076E9DA /* LaunchScreen.storyboard in Resources */,
				D687405A20E236840076E9DA /* Assets.xcassets in Resources */,
				D687405820E236830076E9DA /* Main.storyboard in Resources */,
			);
			runOnlyForDeploymentPostprocessing = 0;
		};
/* End PBXResourcesBuildPhase section */

/* Begin PBXShellScriptBuildPhase section */
		65C36328FB543364927A892D /* [CP] Embed Pods Frameworks */ = {
			isa = PBXShellScriptBuildPhase;
			buildActionMask = 2147483647;
			files = (
			);
			inputPaths = (
			);
			name = "[CP] Embed Pods Frameworks";
			outputPaths = (
			);
			runOnlyForDeploymentPostprocessing = 0;
			shellPath = /bin/sh;
			shellScript = "\"${SRCROOT}/Pods/Target Support Files/Pods-DatePickView/Pods-DatePickView-frameworks.sh\"\n";
			showEnvVarsInLog = 0;
		};
		901A32E47B16D07876D16B07 /* [CP] Check Pods Manifest.lock */ = {
			isa = PBXShellScriptBuildPhase;
			buildActionMask = 2147483647;
			files = (
			);
			inputPaths = (
				"${PODS_PODFILE_DIR_PATH}/Podfile.lock",
				"${PODS_ROOT}/Manifest.lock",
			);
			name = "[CP] Check Pods Manifest.lock";
			outputPaths = (
				"$(DERIVED_FILE_DIR)/Pods-DatePickView-checkManifestLockResult.txt",
			);
			runOnlyForDeploymentPostprocessing = 0;
			shellPath = /bin/sh;
			shellScript = "diff \"${PODS_PODFILE_DIR_PATH}/Podfile.lock\" \"${PODS_ROOT}/Manifest.lock\" > /dev/null\nif [ $? != 0 ] ; then\n    # print error to STDERR\n    echo \"error: The sandbox is not in sync with the Podfile.lock. Run 'pod install' or update your CocoaPods installation.\" >&2\n    exit 1\nfi\n# This output is used by Xcode 'outputs' to avoid re-running this script phase.\necho \"SUCCESS\" > \"${SCRIPT_OUTPUT_FILE_0}\"\n";
			showEnvVarsInLog = 0;
		};
		F21645ABE65755F045EAE914 /* [CP] Copy Pods Resources */ = {
			isa = PBXShellScriptBuildPhase;
			buildActionMask = 2147483647;
			files = (
			);
			inputPaths = (
			);
			name = "[CP] Copy Pods Resources";
			outputPaths = (
			);
			runOnlyForDeploymentPostprocessing = 0;
			shellPath = /bin/sh;
			shellScript = "\"${SRCROOT}/Pods/Target Support Files/Pods-DatePickView/Pods-DatePickView-resources.sh\"\n";
			showEnvVarsInLog = 0;
		};
/* End PBXShellScriptBuildPhase section */

/* Begin PBXSourcesBuildPhase section */
		D687404920E236830076E9DA /* Sources */ = {
			isa = PBXSourcesBuildPhase;
			buildActionMask = 2147483647;
			files = (
				D687406020E236850076E9DA /* main.m in Sources */,
				D636DB1E20E2498500F40DB8 /* UIView+Catgory.m in Sources */,
				D636DB1D20E2498500F40DB8 /* SingleLinePickView.m in Sources */,
				D636DB1A20E2498500F40DB8 /* TimePickView.m in Sources */,
				D636DB1B20E2498500F40DB8 /* ViewController.m in Sources */,
				D636DB1C20E2498500F40DB8 /* DatePickView.m in Sources */,
				D687405220E236830076E9DA /* AppDelegate.m in Sources */,
				D636DB1F20E2498500F40DB8 /* PickView.m in Sources */,
			);
			runOnlyForDeploymentPostprocessing = 0;
		};
/* End PBXSourcesBuildPhase section */

/* Begin PBXVariantGroup section */
		D687405620E236830076E9DA /* Main.storyboard */ = {
			isa = PBXVariantGroup;
			children = (
				D687405720E236830076E9DA /* Base */,
			);
			name = Main.storyboard;
			sourceTree = "<group>";
		};
		D687405B20E236840076E9DA /* LaunchScreen.storyboard */ = {
			isa = PBXVariantGroup;
			children = (
				D687405C20E236840076E9DA /* Base */,
			);
			name = LaunchScreen.storyboard;
			sourceTree = "<group>";
		};
/* End PBXVariantGroup section */

/* Begin XCBuildConfiguration section */
		D687406120E236850076E9DA /* Debug */ = {
			isa = XCBuildConfiguration;
			buildSettings = {
				ALWAYS_SEARCH_USER_PATHS = NO;
				CLANG_ANALYZER_NONNULL = YES;
				CLANG_ANALYZER_NUMBER_OBJECT_CONVERSION = YES_AGGRESSIVE;
				CLANG_CXX_LANGUAGE_STANDARD = "gnu++14";
				CLANG_CXX_LIBRARY = "libc++";
				CLANG_ENABLE_MODULES = YES;
				CLANG_ENABLE_OBJC_ARC = YES;
				CLANG_ENABLE_OBJC_WEAK = YES;
				CLANG_WARN_BLOCK_CAPTURE_AUTORELEASING = YES;
				CLANG_WARN_BOOL_CONVERSION = YES;
				CLANG_WARN_COMMA = YES;
				CLANG_WARN_CONSTANT_CONVERSION = YES;
				CLANG_WARN_DEPRECATED_OBJC_IMPLEMENTATIONS = YES;
				CLANG_WARN_DIRECT_OBJC_ISA_USAGE = YES_ERROR;
				CLANG_WARN_DOCUMENTATION_COMMENTS = YES;
				CLANG_WARN_EMPTY_BODY = YES;
				CLANG_WARN_ENUM_CONVERSION = YES;
				CLANG_WARN_INFINITE_RECURSION = YES;
				CLANG_WARN_INT_CONVERSION = YES;
				CLANG_WARN_NON_LITERAL_NULL_CONVERSION = YES;
				CLANG_WARN_OBJC_IMPLICIT_RETAIN_SELF = YES;
				CLANG_WARN_OBJC_LITERAL_CONVERSION = YES;
				CLANG_WARN_OBJC_ROOT_CLASS = YES_ERROR;
				CLANG_WARN_RANGE_LOOP_ANALYSIS = YES;
				CLANG_WARN_STRICT_PROTOTYPES = YES;
				CLANG_WARN_SUSPICIOUS_MOVE = YES;
				CLANG_WARN_UNGUARDED_AVAILABILITY = YES_AGGRESSIVE;
				CLANG_WARN_UNREACHABLE_CODE = YES;
				CLANG_WARN__DUPLICATE_METHOD_MATCH = YES;
				CODE_SIGN_IDENTITY = "iPhone Developer";
				COPY_PHASE_STRIP = NO;
				DEBUG_INFORMATION_FORMAT = dwarf;
				ENABLE_STRICT_OBJC_MSGSEND = YES;
				ENABLE_TESTABILITY = YES;
				GCC_C_LANGUAGE_STANDARD = gnu11;
				GCC_DYNAMIC_NO_PIC = NO;
				GCC_NO_COMMON_BLOCKS = YES;
				GCC_OPTIMIZATION_LEVEL = 0;
				GCC_PREPROCESSOR_DEFINITIONS = (
					"DEBUG=1",
					"$(inherited)",
				);
				GCC_WARN_64_TO_32_BIT_CONVERSION = YES;
				GCC_WARN_ABOUT_RETURN_TYPE = YES_ERROR;
				GCC_WARN_UNDECLARED_SELECTOR = YES;
				GCC_WARN_UNINITIALIZED_AUTOS = YES_AGGRESSIVE;
				GCC_WARN_UNUSED_FUNCTION = YES;
				GCC_WARN_UNUSED_VARIABLE = YES;
				IPHONEOS_DEPLOYMENT_TARGET = 11.4;
				MTL_ENABLE_DEBUG_INFO = YES;
				ONLY_ACTIVE_ARCH = YES;
				SDKROOT = iphoneos;
			};
			name = Debug;
		};
		D687406220E236850076E9DA /* Release */ = {
			isa = XCBuildConfiguration;
			buildSettings = {
				ALWAYS_SEARCH_USER_PATHS = NO;
				CLANG_ANALYZER_NONNULL = YES;
				CLANG_ANALYZER_NUMBER_OBJECT_CONVERSION = YES_AGGRESSIVE;
				CLANG_CXX_LANGUAGE_STANDARD = "gnu++14";
				CLANG_CXX_LIBRARY = "libc++";
				CLANG_ENABLE_MODULES = YES;
				CLANG_ENABLE_OBJC_ARC = YES;
				CLANG_ENABLE_OBJC_WEAK = YES;
				CLANG_WARN_BLOCK_CAPTURE_AUTORELEASING = YES;
				CLANG_WARN_BOOL_CONVERSION = YES;
				CLANG_WARN_COMMA = YES;
				CLANG_WARN_CONSTANT_CONVERSION = YES;
				CLANG_WARN_DEPRECATED_OBJC_IMPLEMENTATIONS = YES;
				CLANG_WARN_DIRECT_OBJC_ISA_USAGE = YES_ERROR;
				CLANG_WARN_DOCUMENTATION_COMMENTS = YES;
				CLANG_WARN_EMPTY_BODY = YES;
				CLANG_WARN_ENUM_CONVERSION = YES;
				CLANG_WARN_INFINITE_RECURSION = YES;
				CLANG_WARN_INT_CONVERSION = YES;
				CLANG_WARN_NON_LITERAL_NULL_CONVERSION = YES;
				CLANG_WARN_OBJC_IMPLICIT_RETAIN_SELF = YES;
				CLANG_WARN_OBJC_LITERAL_CONVERSION = YES;
				CLANG_WARN_OBJC_ROOT_CLASS = YES_ERROR;
				CLANG_WARN_RANGE_LOOP_ANALYSIS = YES;
				CLANG_WARN_STRICT_PROTOTYPES = YES;
				CLANG_WARN_SUSPICIOUS_MOVE = YES;
				CLANG_WARN_UNGUARDED_AVAILABILITY = YES_AGGRESSIVE;
				CLANG_WARN_UNREACHABLE_CODE = YES;
				CLANG_WARN__DUPLICATE_METHOD_MATCH = YES;
				CODE_SIGN_IDENTITY = "iPhone Developer";
				COPY_PHASE_STRIP = NO;
				DEBUG_INFORMATION_FORMAT = "dwarf-with-dsym";
				ENABLE_NS_ASSERTIONS = NO;
				ENABLE_STRICT_OBJC_MSGSEND = YES;
				GCC_C_LANGUAGE_STANDARD = gnu11;
				GCC_NO_COMMON_BLOCKS = YES;
				GCC_WARN_64_TO_32_BIT_CONVERSION = YES;
				GCC_WARN_ABOUT_RETURN_TYPE = YES_ERROR;
				GCC_WARN_UNDECLARED_SELECTOR = YES;
				GCC_WARN_UNINITIALIZED_AUTOS = YES_AGGRESSIVE;
				GCC_WARN_UNUSED_FUNCTION = YES;
				GCC_WARN_UNUSED_VARIABLE = YES;
				IPHONEOS_DEPLOYMENT_TARGET = 11.4;
				MTL_ENABLE_DEBUG_INFO = NO;
				SDKROOT = iphoneos;
				VALIDATE_PRODUCT = YES;
			};
			name = Release;
		};
		D687406420E236850076E9DA /* Debug */ = {
			isa = XCBuildConfiguration;
			baseConfigurationReference = E2CE3B91C2B9EF88BE7E6478 /* Pods-DatePickView.debug.xcconfig */;
			buildSettings = {
				ASSETCATALOG_COMPILER_APPICON_NAME = AppIcon;
				CODE_SIGN_STYLE = Automatic;
				DEVELOPMENT_TEAM = 65K6YH88U7;
				INFOPLIST_FILE = DatePickView/Info.plist;
				IPHONEOS_DEPLOYMENT_TARGET = 9.0;
				LD_RUNPATH_SEARCH_PATHS = (
					"$(inherited)",
					"@executable_path/Frameworks",
				);
				PRODUCT_BUNDLE_IDENTIFIER = com.anotherlee.DatePickView;
				PRODUCT_NAME = "$(TARGET_NAME)";
				TARGETED_DEVICE_FAMILY = 1;
			};
			name = Debug;
		};
		D687406520E236850076E9DA /* Release */ = {
			isa = XCBuildConfiguration;
			baseConfigurationReference = 1B758526F8AA9781BB0C409D /* Pods-DatePickView.release.xcconfig */;
			buildSettings = {
				ASSETCATALOG_COMPILER_APPICON_NAME = AppIcon;
				CODE_SIGN_STYLE = Automatic;
				DEVELOPMENT_TEAM = 65K6YH88U7;
				INFOPLIST_FILE = DatePickView/Info.plist;
				IPHONEOS_DEPLOYMENT_TARGET = 9.0;
				LD_RUNPATH_SEARCH_PATHS = (
					"$(inherited)",
					"@executable_path/Frameworks",
				);
				PRODUCT_BUNDLE_IDENTIFIER = com.anotherlee.DatePickView;
				PRODUCT_NAME = "$(TARGET_NAME)";
				TARGETED_DEVICE_FAMILY = 1;
			};
			name = Release;
		};
/* End XCBuildConfiguration section */

/* Begin XCConfigurationList section */
		D687404820E236830076E9DA /* Build configuration list for PBXProject "DatePickView" */ = {
			isa = XCConfigurationList;
			buildConfigurations = (
				D687406120E236850076E9DA /* Debug */,
				D687406220E236850076E9DA /* Release */,
			);
			defaultConfigurationIsVisible = 0;
			defaultConfigurationName = Release;
		};
		D687406320E236850076E9DA /* Build configuration list for PBXNativeTarget "DatePickView" */ = {
			isa = XCConfigurationList;
			buildConfigurations = (
				D687406420E236850076E9DA /* Debug */,
				D687406520E236850076E9DA /* Release */,
			);
			defaultConfigurationIsVisible = 0;
			defaultConfigurationName = Release;
		};
/* End XCConfigurationList section */
	};
	rootObject = D687404520E236830076E9DA /* Project object */;
}
